{
  "name": "app",
  "lockfileVersion": 3,
  "requires": true,
  "packages": {
    "": {
      "dependencies": {
        "jazz-tools": "^0.16.4",
        "tsx": "^4.20.3"
      },
      "devDependencies": {
        "@types/node": "^24.2.0"
      }
    },
    "node_modules/@esbuild/linux-arm64": {
      "version": "0.25.8",
      "cpu": [
        "arm64"
      ],
      "license": "MIT",
      "optional": true,
      "os": [
        "linux"
      ],
      "engines": {
        "node": ">=18"
      }
    },
    "node_modules/@manuscripts/prosemirror-recreate-steps": {
      "version": "0.1.4",
      "license": "Apache-2.0",
      "dependencies": {
        "@types/prosemirror-model": "^1.5.0",
        "@types/prosemirror-schema-basic": "^1.0.1",
        "@types/prosemirror-schema-list": "^1.0.1",
        "@types/prosemirror-state": "^1.2.0",
        "@types/prosemirror-transform": "^1.1.0",
        "diff": "^3.5.0",
        "prosemirror-changeset": "^1.0.5",
        "prosemirror-example-setup": "^1.0.1",
        "prosemirror-model": "^1.6.1",
        "prosemirror-schema-basic": "^1.0.0",
        "prosemirror-schema-list": "^1.0.1",
        "prosemirror-state": "^1.2.2",
        "prosemirror-transform": "^1.1.3",
        "prosemirror-view": "^1.5.3",
        "rfc6902": "^3.0.1"
      }
    },
    "node_modules/@noble/ciphers": {
      "version": "1.3.0",
      "license": "MIT",
      "engines": {
        "node": "^14.21.3 || >=16"
      },
      "funding": {
        "url": "https://paulmillr.com/funding/"
      }
    },
    "node_modules/@noble/curves": {
      "version": "1.9.6",
      "license": "MIT",
      "dependencies": {
        "@noble/hashes": "1.8.0"
      },
      "engines": {
        "node": "^14.21.3 || >=16"
      },
      "funding": {
        "url": "https://paulmillr.com/funding/"
      }
    },
    "node_modules/@noble/hashes": {
      "version": "1.8.0",
      "license": "MIT",
      "engines": {
        "node": "^14.21.3 || >=16"
      },
      "funding": {
        "url": "https://paulmillr.com/funding/"
      }
    },
    "node_modules/@opentelemetry/api": {
      "version": "1.9.0",
      "license": "Apache-2.0",
      "engines": {
        "node": ">=8.0.0"
      }
    },
    "node_modules/@remirror/core-constants": {
      "version": "3.0.0",
      "license": "MIT",
      "peer": true
    },
    "node_modules/@scure/base": {
      "version": "1.2.1",
      "license": "MIT",
      "funding": {
        "url": "https://paulmillr.com/funding/"
      }
    },
    "node_modules/@scure/bip39": {
      "version": "1.6.0",
      "license": "MIT",
      "dependencies": {
        "@noble/hashes": "~1.8.0",
        "@scure/base": "~1.2.5"
      },
      "funding": {
        "url": "https://paulmillr.com/funding/"
      }
    },
    "node_modules/@scure/bip39/node_modules/@scure/base": {
      "version": "1.2.6",
      "license": "MIT",
      "funding": {
        "url": "https://paulmillr.com/funding/"
      }
    },
    "node_modules/@tiptap/core": {
      "version": "2.26.1",
      "license": "MIT",
      "funding": {
        "type": "github",
        "url": "https://github.com/sponsors/ueberdosis"
      },
      "peerDependencies": {
        "@tiptap/pm": "^2.7.0"
      }
    },
    "node_modules/@tiptap/pm": {
      "version": "2.26.1",
      "license": "MIT",
      "peer": true,
      "dependencies": {
        "prosemirror-changeset": "^2.3.0",
        "prosemirror-collab": "^1.3.1",
        "prosemirror-commands": "^1.6.2",
        "prosemirror-dropcursor": "^1.8.1",
        "prosemirror-gapcursor": "^1.3.2",
        "prosemirror-history": "^1.4.1",
        "prosemirror-inputrules": "^1.4.0",
        "prosemirror-keymap": "^1.2.2",
        "prosemirror-markdown": "^1.13.1",
        "prosemirror-menu": "^1.2.4",
        "prosemirror-model": "^1.23.0",
        "prosemirror-schema-basic": "^1.2.3",
        "prosemirror-schema-list": "^1.4.1",
        "prosemirror-state": "^1.4.3",
        "prosemirror-tables": "^1.6.4",
        "prosemirror-trailing-node": "^3.0.0",
        "prosemirror-transform": "^1.10.2",
        "prosemirror-view": "^1.37.0"
      },
      "funding": {
        "type": "github",
        "url": "https://github.com/sponsors/ueberdosis"
      }
    },
    "node_modules/@tiptap/pm/node_modules/prosemirror-changeset": {
      "version": "2.3.1",
      "license": "MIT",
      "peer": true,
      "dependencies": {
        "prosemirror-transform": "^1.0.0"
      }
    },
    "node_modules/@types/image-blob-reduce": {
      "version": "4.1.4",
      "license": "MIT",
      "dependencies": {
        "@types/pica": "*"
      }
    },
    "node_modules/@types/linkify-it": {
      "version": "5.0.0",
      "license": "MIT",
      "peer": true
    },
    "node_modules/@types/markdown-it": {
      "version": "14.1.2",
      "license": "MIT",
      "peer": true,
      "dependencies": {
        "@types/linkify-it": "^5",
        "@types/mdurl": "^2"
      }
    },
    "node_modules/@types/mdurl": {
      "version": "2.0.0",
      "license": "MIT",
      "peer": true
    },
    "node_modules/@types/node": {
      "version": "24.2.0",
      "dev": true,
      "license": "MIT",
      "dependencies": {
        "undici-types": "~7.10.0"
      }
    },
    "node_modules/@types/orderedmap": {
      "version": "1.0.0",
      "license": "MIT"
    },
    "node_modules/@types/pica": {
      "version": "9.0.5",
      "license": "MIT"
    },
    "node_modules/@types/prosemirror-model": {
      "version": "1.16.2",
      "license": "MIT",
      "dependencies": {
        "@types/orderedmap": "*"
      }
    },
    "node_modules/@types/prosemirror-schema-basic": {
      "version": "1.0.2",
      "license": "MIT",
      "dependencies": {
        "@types/prosemirror-model": "*"
      }
    },
    "node_modules/@types/prosemirror-schema-list": {
      "version": "1.0.3",
      "license": "MIT",
      "dependencies": {
        "@types/orderedmap": "*",
        "@types/prosemirror-model": "*",
        "@types/prosemirror-state": "*"
      }
    },
    "node_modules/@types/prosemirror-state": {
      "version": "1.3.0",
      "license": "MIT",
      "dependencies": {
        "@types/prosemirror-model": "*",
        "@types/prosemirror-transform": "*",
        "@types/prosemirror-view": "*"
      }
    },
    "node_modules/@types/prosemirror-transform": {
      "version": "1.4.2",
      "license": "MIT",
      "dependencies": {
        "@types/prosemirror-model": "*"
      }
    },
    "node_modules/@types/prosemirror-view": {
      "version": "1.23.3",
      "license": "MIT",
      "dependencies": {
        "@types/prosemirror-model": "*",
        "@types/prosemirror-state": "*",
        "@types/prosemirror-transform": "*"
      }
    },
    "node_modules/argparse": {
      "version": "2.0.1",
      "license": "Python-2.0",
      "peer": true
    },
    "node_modules/clsx": {
      "version": "2.1.1",
      "license": "MIT",
      "engines": {
        "node": ">=6"
      }
    },
    "node_modules/cojson": {
      "version": "0.16.4",
      "license": "MIT",
      "dependencies": {
        "@noble/ciphers": "^1.3.0",
        "@noble/curves": "^1.9.1",
        "@noble/hashes": "^1.8.0",
        "@opentelemetry/api": "^1.9.0",
        "@scure/base": "1.2.1",
        "jazz-crypto-rs": "0.0.7",
        "neverthrow": "^7.0.1",
        "unicode-segmenter": "^0.12.0"
      }
    },
    "node_modules/cojson-storage-indexeddb": {
      "version": "0.16.4",
      "license": "MIT",
      "dependencies": {
        "cojson": "0.16.4"
      }
    },
    "node_modules/cojson-transport-ws": {
      "version": "0.16.4",
      "license": "MIT",
      "dependencies": {
        "cojson": "0.16.4"
      }
    },
    "node_modules/crelt": {
      "version": "1.0.6",
      "license": "MIT"
    },
    "node_modules/csstype": {
      "version": "3.1.3",
      "license": "MIT",
      "peer": true
    },
    "node_modules/diff": {
      "version": "3.5.0",
      "license": "BSD-3-Clause",
      "engines": {
        "node": ">=0.3.1"
      }
    },
    "node_modules/entities": {
      "version": "4.5.0",
      "license": "BSD-2-Clause",
      "peer": true,
      "engines": {
        "node": ">=0.12"
      },
      "funding": {
        "url": "https://github.com/fb55/entities?sponsor=1"
      }
    },
    "node_modules/esbuild": {
      "version": "0.25.8",
      "hasInstallScript": true,
      "license": "MIT",
      "bin": {
        "esbuild": "bin/esbuild"
      },
      "engines": {
        "node": ">=18"
      },
      "optionalDependencies": {
        "@esbuild/aix-ppc64": "0.25.8",
        "@esbuild/android-arm": "0.25.8",
        "@esbuild/android-arm64": "0.25.8",
        "@esbuild/android-x64": "0.25.8",
        "@esbuild/darwin-arm64": "0.25.8",
        "@esbuild/darwin-x64": "0.25.8",
        "@esbuild/freebsd-arm64": "0.25.8",
        "@esbuild/freebsd-x64": "0.25.8",
        "@esbuild/linux-arm": "0.25.8",
        "@esbuild/linux-arm64": "0.25.8",
        "@esbuild/linux-ia32": "0.25.8",
        "@esbuild/linux-loong64": "0.25.8",
        "@esbuild/linux-mips64el": "0.25.8",
        "@esbuild/linux-ppc64": "0.25.8",
        "@esbuild/linux-riscv64": "0.25.8",
        "@esbuild/linux-s390x": "0.25.8",
        "@esbuild/linux-x64": "0.25.8",
        "@esbuild/netbsd-arm64": "0.25.8",
        "@esbuild/netbsd-x64": "0.25.8",
        "@esbuild/openbsd-arm64": "0.25.8",
        "@esbuild/openbsd-x64": "0.25.8",
        "@esbuild/openharmony-arm64": "0.25.8",
        "@esbuild/sunos-x64": "0.25.8",
        "@esbuild/win32-arm64": "0.25.8",
        "@esbuild/win32-ia32": "0.25.8",
        "@esbuild/win32-x64": "0.25.8"
      }
    },
    "node_modules/escape-string-regexp": {
      "version": "4.0.0",
      "license": "MIT",
      "peer": true,
      "engines": {
        "node": ">=10"
      },
      "funding": {
        "url": "https://github.com/sponsors/sindresorhus"
      }
    },
    "node_modules/fast-myers-diff": {
      "version": "3.2.0",
      "license": "MIT"
    },
    "node_modules/get-tsconfig": {
      "version": "4.10.1",
      "license": "MIT",
      "dependencies": {
        "resolve-pkg-maps": "^1.0.0"
      },
      "funding": {
        "url": "https://github.com/privatenumber/get-tsconfig?sponsor=1"
      }
    },
    "node_modules/glur": {
      "version": "1.1.2",
      "license": "MIT"
    },
    "node_modules/goober": {
      "version": "2.1.16",
      "license": "MIT",
      "peerDependencies": {
        "csstype": "^3.0.10"
      }
    },
    "node_modules/image-blob-reduce": {
      "version": "4.1.0",
      "license": "MIT",
      "dependencies": {
        "pica": "^9.0.0"
      }
    },
    "node_modules/jazz-crypto-rs": {
      "version": "0.0.7"
    },
    "node_modules/jazz-tools": {
      "version": "0.16.4",
      "license": "MIT",
      "dependencies": {
        "@manuscripts/prosemirror-recreate-steps": "^0.1.4",
        "@scure/base": "1.2.1",
        "@scure/bip39": "^1.3.0",
        "@tiptap/core": "^2.12.0",
        "@types/image-blob-reduce": "^4.1.1",
        "clsx": "^2.0.0",
        "cojson": "0.16.4",
        "cojson-storage-indexeddb": "0.16.4",
        "cojson-transport-ws": "0.16.4",
        "fast-myers-diff": "^3.2.0",
        "goober": "^2.1.16",
        "image-blob-reduce": "^4.1.0",
        "pica": "^9.0.1",
        "prosemirror-example-setup": "^1.2.2",
        "prosemirror-menu": "^1.2.4",
        "prosemirror-model": "^1.21.1",
        "prosemirror-schema-basic": "^1.2.2",
        "prosemirror-state": "^1.4.3",
        "prosemirror-transform": "^1.9.0",
        "zod": "3.25.76"
      },
      "peerDependencies": {
        "@bam.tech/react-native-image-resizer": "*",
        "@op-engineering/op-sqlite": "^11.4.8",
        "@react-native-community/netinfo": "*",
        "expo-file-system": "*",
        "expo-secure-store": "*",
        "expo-sqlite": "15.2.9",
        "react": "*",
        "react-dom": "*",
        "react-native": "*",
        "react-native-fast-encoder": "^0.2.0",
        "react-native-mmkv": "^3.2.0",
        "react-native-nitro-modules": "0.25.2",
        "react-native-quick-crypto": "1.0.0-beta.16",
        "svelte": "^5.0.0"
      },
      "peerDependenciesMeta": {
        "@bam.tech/react-native-image-resizer": {
          "optional": true
        },
        "@op-engineering/op-sqlite": {
          "optional": true
        },
        "@react-native-community/netinfo": {
          "optional": true
        },
        "expo-file-system": {
          "optional": true
        },
        "expo-secure-store": {
          "optional": true
        },
        "expo-sqlite": {
          "optional": true
        },
        "react": {
          "optional": true
        },
        "react-dom": {
          "optional": true
        },
        "react-native": {
          "optional": true
        },
        "react-native-fast-encoder": {
          "optional": true
        },
        "react-native-mmkv": {
          "optional": true
        },
        "react-native-nitro-modules": {
          "optional": true
        },
        "react-native-quick-crypto": {
          "optional": true
        },
        "svelte": {
          "optional": true
        }
      }
    },
    "node_modules/linkify-it": {
      "version": "5.0.0",
      "license": "MIT",
      "peer": true,
      "dependencies": {
        "uc.micro": "^2.0.0"
      }
    },
    "node_modules/markdown-it": {
      "version": "14.1.0",
      "license": "MIT",
      "peer": true,
      "dependencies": {
        "argparse": "^2.0.1",
        "entities": "^4.4.0",
        "linkify-it": "^5.0.0",
        "mdurl": "^2.0.0",
        "punycode.js": "^2.3.1",
        "uc.micro": "^2.1.0"
      },
      "bin": {
        "markdown-it": "bin/markdown-it.mjs"
      }
    },
    "node_modules/mdurl": {
      "version": "2.0.0",
      "license": "MIT",
      "peer": true
    },
    "node_modules/multimath": {
      "version": "2.0.0",
      "license": "MIT",
      "dependencies": {
        "glur": "^1.1.2",
        "object-assign": "^4.1.1"
      }
    },
    "node_modules/neverthrow": {
      "version": "7.2.0",
      "license": "MIT",
      "engines": {
        "node": ">=18"
      }
    },
    "node_modules/object-assign": {
      "version": "4.1.1",
      "license": "MIT",
      "engines": {
        "node": ">=0.10.0"
      }
    },
    "node_modules/orderedmap": {
      "version": "2.1.1",
      "license": "MIT"
    },
    "node_modules/pica": {
      "version": "9.0.1",
      "license": "MIT",
      "dependencies": {
        "glur": "^1.1.2",
        "multimath": "^2.0.0",
        "object-assign": "^4.1.1",
        "webworkify": "^1.5.0"
      }
    },
    "node_modules/prosemirror-changeset": {
      "version": "1.2.1",
      "license": "MIT",
      "dependencies": {
        "prosemirror-transform": "^1.0.0"
      }
    },
    "node_modules/prosemirror-collab": {
      "version": "1.3.1",
      "license": "MIT",
      "peer": true,
      "dependencies": {
        "prosemirror-state": "^1.0.0"
      }
    },
    "node_modules/prosemirror-commands": {
      "version": "1.7.1",
      "license": "MIT",
      "dependencies": {
        "prosemirror-model": "^1.0.0",
        "prosemirror-state": "^1.0.0",
        "prosemirror-transform": "^1.10.2"
      }
    },
    "node_modules/prosemirror-dropcursor": {
      "version": "1.8.2",
      "license": "MIT",
      "dependencies": {
        "prosemirror-state": "^1.0.0",
        "prosemirror-transform": "^1.1.0",
        "prosemirror-view": "^1.1.0"
      }
    },
    "node_modules/prosemirror-example-setup": {
      "version": "1.2.3",
      "license": "MIT",
      "dependencies": {
        "prosemirror-commands": "^1.0.0",
        "prosemirror-dropcursor": "^1.0.0",
        "prosemirror-gapcursor": "^1.0.0",
        "prosemirror-history": "^1.0.0",
        "prosemirror-inputrules": "^1.0.0",
        "prosemirror-keymap": "^1.0.0",
        "prosemirror-menu": "^1.0.0",
        "prosemirror-schema-list": "^1.0.0",
        "prosemirror-state": "^1.0.0"
      }
    },
    "node_modules/prosemirror-gapcursor": {
      "version": "1.3.2",
      "license": "MIT",
      "dependencies": {
        "prosemirror-keymap": "^1.0.0",
        "prosemirror-model": "^1.0.0",
        "prosemirror-state": "^1.0.0",
        "prosemirror-view": "^1.0.0"
      }
    },
    "node_modules/prosemirror-history": {
      "version": "1.4.1",
      "license": "MIT",
      "dependencies": {
        "prosemirror-state": "^1.2.2",
        "prosemirror-transform": "^1.0.0",
        "prosemirror-view": "^1.31.0",
        "rope-sequence": "^1.3.0"
      }
    },
    "node_modules/prosemirror-inputrules": {
      "version": "1.5.0",
      "license": "MIT",
      "dependencies": {
        "prosemirror-state": "^1.0.0",
        "prosemirror-transform": "^1.0.0"
      }
    },
    "node_modules/prosemirror-keymap": {
      "version": "1.2.3",
      "license": "MIT",
      "dependencies": {
        "prosemirror-state": "^1.0.0",
        "w3c-keyname": "^2.2.0"
      }
    },
    "node_modules/prosemirror-markdown": {
      "version": "1.13.2",
      "license": "MIT",
      "peer": true,
      "dependencies": {
        "@types/markdown-it": "^14.0.0",
        "markdown-it": "^14.0.0",
        "prosemirror-model": "^1.25.0"
      }
    },
    "node_modules/prosemirror-menu": {
      "version": "1.2.5",
      "license": "MIT",
      "dependencies": {
        "crelt": "^1.0.0",
        "prosemirror-commands": "^1.0.0",
        "prosemirror-history": "^1.0.0",
        "prosemirror-state": "^1.0.0"
      }
    },
    "node_modules/prosemirror-model": {
      "version": "1.25.3",
      "license": "MIT",
      "dependencies": {
        "orderedmap": "^2.0.0"
      }
    },
    "node_modules/prosemirror-schema-basic": {
      "version": "1.2.4",
      "license": "MIT",
      "dependencies": {
        "prosemirror-model": "^1.25.0"
      }
    },
    "node_modules/prosemirror-schema-list": {
      "version": "1.5.1",
      "license": "MIT",
      "dependencies": {
        "prosemirror-model": "^1.0.0",
        "prosemirror-state": "^1.0.0",
        "prosemirror-transform": "^1.7.3"
      }
    },
    "node_modules/prosemirror-state": {
      "version": "1.4.3",
      "license": "MIT",
      "dependencies": {
        "prosemirror-model": "^1.0.0",
        "prosemirror-transform": "^1.0.0",
        "prosemirror-view": "^1.27.0"
      }
    },
    "node_modules/prosemirror-tables": {
      "version": "1.7.1",
      "license": "MIT",
      "peer": true,
      "dependencies": {
        "prosemirror-keymap": "^1.2.2",
        "prosemirror-model": "^1.25.0",
        "prosemirror-state": "^1.4.3",
        "prosemirror-transform": "^1.10.3",
        "prosemirror-view": "^1.39.1"
      }
    },
    "node_modules/prosemirror-trailing-node": {
      "version": "3.0.0",
      "license": "MIT",
      "peer": true,
      "dependencies": {
        "@remirror/core-constants": "3.0.0",
        "escape-string-regexp": "^4.0.0"
      },
      "peerDependencies": {
        "prosemirror-model": "^1.22.1",
        "prosemirror-state": "^1.4.2",
        "prosemirror-view": "^1.33.8"
      }
    },
    "node_modules/prosemirror-transform": {
      "version": "1.10.4",
      "license": "MIT",
      "dependencies": {
        "prosemirror-model": "^1.21.0"
      }
    },
    "node_modules/prosemirror-view": {
      "version": "1.40.1",
      "license": "MIT",
      "dependencies": {
        "prosemirror-model": "^1.20.0",
        "prosemirror-state": "^1.0.0",
        "prosemirror-transform": "^1.1.0"
      }
    },
    "node_modules/punycode.js": {
      "version": "2.3.1",
      "license": "MIT",
      "peer": true,
      "engines": {
        "node": ">=6"
      }
    },
    "node_modules/resolve-pkg-maps": {
      "version": "1.0.0",
      "license": "MIT",
      "funding": {
        "url": "https://github.com/privatenumber/resolve-pkg-maps?sponsor=1"
      }
    },
    "node_modules/rfc6902": {
      "version": "3.1.1",
      "license": "MIT"
    },
    "node_modules/rope-sequence": {
      "version": "1.3.4",
      "license": "MIT"
    },
    "node_modules/tsx": {
      "version": "4.20.3",
      "license": "MIT",
      "dependencies": {
        "esbuild": "~0.25.0",
        "get-tsconfig": "^4.7.5"
      },
      "bin": {
        "tsx": "dist/cli.mjs"
      },
      "engines": {
        "node": ">=18.0.0"
      },
      "optionalDependencies": {
        "fsevents": "~2.3.3"
      }
    },
    "node_modules/uc.micro": {
      "version": "2.1.0",
      "license": "MIT",
      "peer": true
    },
    "node_modules/undici-types": {
      "version": "7.10.0",
      "dev": true,
      "license": "MIT"
    },
    "node_modules/unicode-segmenter": {
      "version": "0.12.0",
      "license": "MIT"
    },
    "node_modules/w3c-keyname": {
      "version": "2.2.8",
      "license": "MIT"
    },
    "node_modules/webworkify": {
      "version": "1.5.0",
      "license": "MIT"
    },
    "node_modules/zod": {
      "version": "3.25.76",
      "license": "MIT",
      "funding": {
        "url": "https://github.com/sponsors/colinhacks"
      }
    }
  }
}
